
Microsoft Visual Studio Solution File, Format Version 12.00
# Visual Studio Version 17
VisualStudioVersion = 17.0.31919.166
MinimumVisualStudioVersion = 10.0.40219.1
Project("{8BC9CEB8-8B4A-11D0-8D11-00A0C91BC942}") = "Lab2", "Lab2\Lab2.vcxproj", "{C36699B9-A1E8-44C6-BF0E-196A693BE48B}"
EndProject
Project("{8BC9CEB8-8B4A-11D0-8D11-00A0C91BC942}") = "Lab1", "Lab1\Lab1.vcxproj", "{01EFF91D-6A3D-4E8D-8324-21ECA9B9930D}"
EndProject
Project("{8BC9CEB8-8B4A-11D0-8D11-00A0C91BC942}") = "Lab3", "Lab3\Lab3.vcxproj", "{6F04FCC0-0CF9-4941-9453-5833793173A8}"
EndProject
Project("{8BC9CEB8-8B4A-11D0-8D11-00A0C91BC942}") = "Lab4", "Lab4\Lab4.vcxproj", "{92A7B5A7-7AB9-48BB-9885-76EE145EB7E7}"
EndProject
Project("{8BC9CEB8-8B4A-11D0-8D11-00A0C91BC942}") = "Lab5", "Lab5\Lab5.vcxproj", "{7D312500-E190-4BCB-893B-EEA769687999}"
EndProject
Project("{8BC9CEB8-8B4A-11D0-8D11-00A0C91BC942}") = "Lab6", "Lab6\Lab6.vcxproj", "{720D9856-84B1-474C-A67C-081F465957E9}"
EndProject
Project("{8BC9CEB8-8B4A-11D0-8D11-00A0C91BC942}") = "Lab7", "Lab7\Lab7.vcxproj", "{8CBEBE8B-2D9B-40BC-B1EA-9D43AEE1DEB4}"
EndProject
Project("{8BC9CEB8-8B4A-11D0-8D11-00A0C91BC942}") = "Lab5v4", "Lab5v4\Lab5v4.vcxproj", "{A82F9DFC-268B-4C5A-A6E0-934344763EDB}"
EndProject
Project("{8BC9CEB8-8B4A-11D0-8D11-00A0C91BC942}") = "Lab9 2020", "Lab9 2020\Lab9 2020.vcxproj", "{AAC2505D-A85A-4DE2-B74F-275E8343C3E2}"
EndProject
Project("{8BC9CEB8-8B4A-11D0-8D11-00A0C91BC942}") = "Lab1 parallel", "Lab1 parallel\Lab1 parallel.vcxproj", "{E8E0C825-295B-4491-AE68-1BD1C9E8DABE}"
EndProject
Project("{8BC9CEB8-8B4A-11D0-8D11-00A0C91BC942}") = "UnitTest Lab1 parallel", "UnitTest Lab1 parallel\UnitTest Lab1 parallel.vcxproj", "{180A9BF2-0B85-40C4-AC29-E9F965A81AD0}"
EndProject
Project("{8BC9CEB8-8B4A-11D0-8D11-00A0C91BC942}") = "Lab1.1 parallel", "Lab1.1 parallel\Lab1.1 parallel.vcxproj", "{BCA25EFD-39DC-4501-B0BD-78D6266D82E7}"
EndProject
Global
	GlobalSection(SolutionConfigurationPlatforms) = preSolution
		Debug|x64 = Debug|x64
		Debug|x86 = Debug|x86
		Release|x64 = Release|x64
		Release|x86 = Release|x86
	EndGlobalSection
	GlobalSection(ProjectConfigurationPlatforms) = postSolution
		{C36699B9-A1E8-44C6-BF0E-196A693BE48B}.Debug|x64.ActiveCfg = Debug|x64
		{C36699B9-A1E8-44C6-BF0E-196A693BE48B}.Debug|x64.Build.0 = Debug|x64
		{C36699B9-A1E8-44C6-BF0E-196A693BE48B}.Debug|x86.ActiveCfg = Debug|Win32
		{C36699B9-A1E8-44C6-BF0E-196A693BE48B}.Debug|x86.Build.0 = Debug|Win32
		{C36699B9-A1E8-44C6-BF0E-196A693BE48B}.Release|x64.ActiveCfg = Release|x64
		{C36699B9-A1E8-44C6-BF0E-196A693BE48B}.Release|x64.Build.0 = Release|x64
		{C36699B9-A1E8-44C6-BF0E-196A693BE48B}.Release|x86.ActiveCfg = Release|Win32
		{C36699B9-A1E8-44C6-BF0E-196A693BE48B}.Release|x86.Build.0 = Release|Win32
		{01EFF91D-6A3D-4E8D-8324-21ECA9B9930D}.Debug|x64.ActiveCfg = Debug|x64
		{01EFF91D-6A3D-4E8D-8324-21ECA9B9930D}.Debug|x64.Build.0 = Debug|x64
		{01EFF91D-6A3D-4E8D-8324-21ECA9B9930D}.Debug|x86.ActiveCfg = Debug|Win32
		{01EFF91D-6A3D-4E8D-8324-21ECA9B9930D}.Debug|x86.Build.0 = Debug|Win32
		{01EFF91D-6A3D-4E8D-8324-21ECA9B9930D}.Release|x64.ActiveCfg = Release|x64
		{01EFF91D-6A3D-4E8D-8324-21ECA9B9930D}.Release|x64.Build.0 = Release|x64
		{01EFF91D-6A3D-4E8D-8324-21ECA9B9930D}.Release|x86.ActiveCfg = Release|Win32
		{01EFF91D-6A3D-4E8D-8324-21ECA9B9930D}.Release|x86.Build.0 = Release|Win32
		{6F04FCC0-0CF9-4941-9453-5833793173A8}.Debug|x64.ActiveCfg = Debug|x64
		{6F04FCC0-0CF9-4941-9453-5833793173A8}.Debug|x64.Build.0 = Debug|x64
		{6F04FCC0-0CF9-4941-9453-5833793173A8}.Debug|x86.ActiveCfg = Debug|Win32
		{6F04FCC0-0CF9-4941-9453-5833793173A8}.Debug|x86.Build.0 = Debug|Win32
		{6F04FCC0-0CF9-4941-9453-5833793173A8}.Release|x64.ActiveCfg = Release|x64
		{6F04FCC0-0CF9-4941-9453-5833793173A8}.Release|x64.Build.0 = Release|x64
		{6F04FCC0-0CF9-4941-9453-5833793173A8}.Release|x86.ActiveCfg = Release|Win32
		{6F04FCC0-0CF9-4941-9453-5833793173A8}.Release|x86.Build.0 = Release|Win32
		{92A7B5A7-7AB9-48BB-9885-76EE145EB7E7}.Debug|x64.ActiveCfg = Debug|x64
		{92A7B5A7-7AB9-48BB-9885-76EE145EB7E7}.Debug|x64.Build.0 = Debug|x64
		{92A7B5A7-7AB9-48BB-9885-76EE145EB7E7}.Debug|x86.ActiveCfg = Debug|Win32
		{92A7B5A7-7AB9-48BB-9885-76EE145EB7E7}.Debug|x86.Build.0 = Debug|Win32
		{92A7B5A7-7AB9-48BB-9885-76EE145EB7E7}.Release|x64.ActiveCfg = Release|x64
		{92A7B5A7-7AB9-48BB-9885-76EE145EB7E7}.Release|x64.Build.0 = Release|x64
		{92A7B5A7-7AB9-48BB-9885-76EE145EB7E7}.Release|x86.ActiveCfg = Release|Win32
		{92A7B5A7-7AB9-48BB-9885-76EE145EB7E7}.Release|x86.Build.0 = Release|Win32
		{7D312500-E190-4BCB-893B-EEA769687999}.Debug|x64.ActiveCfg = Debug|x64
		{7D312500-E190-4BCB-893B-EEA769687999}.Debug|x64.Build.0 = Debug|x64
		{7D312500-E190-4BCB-893B-EEA769687999}.Debug|x86.ActiveCfg = Debug|Win32
		{7D312500-E190-4BCB-893B-EEA769687999}.Debug|x86.Build.0 = Debug|Win32
		{7D312500-E190-4BCB-893B-EEA769687999}.Release|x64.ActiveCfg = Release|x64
		{7D312500-E190-4BCB-893B-EEA769687999}.Release|x64.Build.0 = Release|x64
		{7D312500-E190-4BCB-893B-EEA769687999}.Release|x86.ActiveCfg = Release|Win32
		{7D312500-E190-4BCB-893B-EEA769687999}.Release|x86.Build.0 = Release|Win32
		{720D9856-84B1-474C-A67C-081F465957E9}.Debug|x64.ActiveCfg = Debug|x64
		{720D9856-84B1-474C-A67C-081F465957E9}.Debug|x64.Build.0 = Debug|x64
		{720D9856-84B1-474C-A67C-081F465957E9}.Debug|x86.ActiveCfg = Debug|Win32
		{720D9856-84B1-474C-A67C-081F465957E9}.Debug|x86.Build.0 = Debug|Win32
		{720D9856-84B1-474C-A67C-081F465957E9}.Release|x64.ActiveCfg = Release|x64
		{720D9856-84B1-474C-A67C-081F465957E9}.Release|x64.Build.0 = Release|x64
		{720D9856-84B1-474C-A67C-081F465957E9}.Release|x86.ActiveCfg = Release|Win32
		{720D9856-84B1-474C-A67C-081F465957E9}.Release|x86.Build.0 = Release|Win32
		{8CBEBE8B-2D9B-40BC-B1EA-9D43AEE1DEB4}.Debug|x64.ActiveCfg = Debug|x64
		{8CBEBE8B-2D9B-40BC-B1EA-9D43AEE1DEB4}.Debug|x64.Build.0 = Debug|x64
		{8CBEBE8B-2D9B-40BC-B1EA-9D43AEE1DEB4}.Debug|x86.ActiveCfg = Debug|Win32
		{8CBEBE8B-2D9B-40BC-B1EA-9D43AEE1DEB4}.Debug|x86.Build.0 = Debug|Win32
		{8CBEBE8B-2D9B-40BC-B1EA-9D43AEE1DEB4}.Release|x64.ActiveCfg = Release|x64
		{8CBEBE8B-2D9B-40BC-B1EA-9D43AEE1DEB4}.Release|x64.Build.0 = Release|x64
		{8CBEBE8B-2D9B-40BC-B1EA-9D43AEE1DEB4}.Release|x86.ActiveCfg = Release|Win32
		{8CBEBE8B-2D9B-40BC-B1EA-9D43AEE1DEB4}.Release|x86.Build.0 = Release|Win32
		{A82F9DFC-268B-4C5A-A6E0-934344763EDB}.Debug|x64.ActiveCfg = Debug|x64
		{A82F9DFC-268B-4C5A-A6E0-934344763EDB}.Debug|x64.Build.0 = Debug|x64
		{A82F9DFC-268B-4C5A-A6E0-934344763EDB}.Debug|x86.ActiveCfg = Debug|Win32
		{A82F9DFC-268B-4C5A-A6E0-934344763EDB}.Debug|x86.Build.0 = Debug|Win32
		{A82F9DFC-268B-4C5A-A6E0-934344763EDB}.Release|x64.ActiveCfg = Release|x64
		{A82F9DFC-268B-4C5A-A6E0-934344763EDB}.Release|x64.Build.0 = Release|x64
		{A82F9DFC-268B-4C5A-A6E0-934344763EDB}.Release|x86.ActiveCfg = Release|Win32
		{A82F9DFC-268B-4C5A-A6E0-934344763EDB}.Release|x86.Build.0 = Release|Win32
		{AAC2505D-A85A-4DE2-B74F-275E8343C3E2}.Debug|x64.ActiveCfg = Debug|x64
		{AAC2505D-A85A-4DE2-B74F-275E8343C3E2}.Debug|x64.Build.0 = Debug|x64
		{AAC2505D-A85A-4DE2-B74F-275E8343C3E2}.Debug|x86.ActiveCfg = Debug|Win32
		{AAC2505D-A85A-4DE2-B74F-275E8343C3E2}.Debug|x86.Build.0 = Debug|Win32
		{AAC2505D-A85A-4DE2-B74F-275E8343C3E2}.Release|x64.ActiveCfg = Release|x64
		{AAC2505D-A85A-4DE2-B74F-275E8343C3E2}.Release|x64.Build.0 = Release|x64
		{AAC2505D-A85A-4DE2-B74F-275E8343C3E2}.Release|x86.ActiveCfg = Release|Win32
		{AAC2505D-A85A-4DE2-B74F-275E8343C3E2}.Release|x86.Build.0 = Release|Win32
		{E8E0C825-295B-4491-AE68-1BD1C9E8DABE}.Debug|x64.ActiveCfg = Debug|x64
		{E8E0C825-295B-4491-AE68-1BD1C9E8DABE}.Debug|x64.Build.0 = Debug|x64
		{E8E0C825-295B-4491-AE68-1BD1C9E8DABE}.Debug|x86.ActiveCfg = Debug|Win32
		{E8E0C825-295B-4491-AE68-1BD1C9E8DABE}.Debug|x86.Build.0 = Debug|Win32
		{E8E0C825-295B-4491-AE68-1BD1C9E8DABE}.Release|x64.ActiveCfg = Release|x64
		{E8E0C825-295B-4491-AE68-1BD1C9E8DABE}.Release|x64.Build.0 = Release|x64
		{E8E0C825-295B-4491-AE68-1BD1C9E8DABE}.Release|x86.ActiveCfg = Release|Win32
		{E8E0C825-295B-4491-AE68-1BD1C9E8DABE}.Release|x86.Build.0 = Release|Win32
		{180A9BF2-0B85-40C4-AC29-E9F965A81AD0}.Debug|x64.ActiveCfg = Debug|x64
		{180A9BF2-0B85-40C4-AC29-E9F965A81AD0}.Debug|x64.Build.0 = Debug|x64
		{180A9BF2-0B85-40C4-AC29-E9F965A81AD0}.Debug|x86.ActiveCfg = Debug|Win32
		{180A9BF2-0B85-40C4-AC29-E9F965A81AD0}.Debug|x86.Build.0 = Debug|Win32
		{180A9BF2-0B85-40C4-AC29-E9F965A81AD0}.Release|x64.ActiveCfg = Release|x64
		{180A9BF2-0B85-40C4-AC29-E9F965A81AD0}.Release|x64.Build.0 = Release|x64
		{180A9BF2-0B85-40C4-AC29-E9F965A81AD0}.Release|x86.ActiveCfg = Release|Win32
		{180A9BF2-0B85-40C4-AC29-E9F965A81AD0}.Release|x86.Build.0 = Release|Win32
		{BCA25EFD-39DC-4501-B0BD-78D6266D82E7}.Debug|x64.ActiveCfg = Debug|x64
		{BCA25EFD-39DC-4501-B0BD-78D6266D82E7}.Debug|x64.Build.0 = Debug|x64
		{BCA25EFD-39DC-4501-B0BD-78D6266D82E7}.Debug|x86.ActiveCfg = Debug|Win32
		{BCA25EFD-39DC-4501-B0BD-78D6266D82E7}.Debug|x86.Build.0 = Debug|Win32
		{BCA25EFD-39DC-4501-B0BD-78D6266D82E7}.Release|x64.ActiveCfg = Release|x64
		{BCA25EFD-39DC-4501-B0BD-78D6266D82E7}.Release|x64.Build.0 = Release|x64
		{BCA25EFD-39DC-4501-B0BD-78D6266D82E7}.Release|x86.ActiveCfg = Release|Win32
		{BCA25EFD-39DC-4501-B0BD-78D6266D82E7}.Release|x86.Build.0 = Release|Win32
	EndGlobalSection
	GlobalSection(SolutionProperties) = preSolution
		HideSolutionNode = FALSE
	EndGlobalSection
	GlobalSection(ExtensibilityGlobals) = postSolution
		SolutionGuid = {5F9B0BED-E576-4A7B-85E8-D91AE9A842E7}
	EndGlobalSection
EndGlobal
